
Microsoft Visual Studio Solution File, Format Version 12.00
# Visual Studio Version 16
VisualStudioVersion = 16.0.31205.134
MinimumVisualStudioVersion = 10.0.40219.1
Project("{FAE04EC0-301F-11D3-BF4B-00C04F79EFBC}") = "20104575_task2_final", "20104575_task2_final\20104575_task2_final.csproj", "{1224A132-92A3-4208-BAD3-C3902B72559B}"
EndProject
Global
	GlobalSection(SolutionConfigurationPlatforms) = preSolution
		Debug|Any CPU = Debug|Any CPU
		Release|Any CPU = Release|Any CPU
	EndGlobalSection
	GlobalSection(ProjectConfigurationPlatforms) = postSolution
		{1224A132-92A3-4208-BAD3-C3902B72559B}.Debug|Any CPU.ActiveCfg = Debug|Any CPU
		{1224A132-92A3-4208-BAD3-C3902B72559B}.Debug|Any CPU.Build.0 = Debug|Any CPU
		{1224A132-92A3-4208-BAD3-C3902B72559B}.Release|Any CPU.ActiveCfg = Release|Any CPU
		{1224A132-92A3-4208-BAD3-C3902B72559B}.Release|Any CPU.Build.0 = Release|Any CPU
	EndGlobalSection
	GlobalSection(SolutionProperties) = preSolution
		HideSolutionNode = FALSE
	EndGlobalSection
	GlobalSection(ExtensibilityGlobals) = postSolution
		SolutionGuid = {686887C9-5AFB-4B1A-B3D5-ACC0C924EDCF}
	EndGlobalSection
EndGlobal
